
Microsoft Visual Studio Solution File, Format Version 12.00
# Visual Studio 14
VisualStudioVersion = 14.0.25420.1
MinimumVisualStudioVersion = 10.0.40219.1
Project("{FAE04EC0-301F-11D3-BF4B-00C04F79EFBC}") = "CmdControllerLibrary", "CmdController1.0\CmdControllerLibrary.csproj", "{F2D757D0-D23B-410A-9871-7401FB74AE51}"
EndProject
Project("{FAE04EC0-301F-11D3-BF4B-00C04F79EFBC}") = "CmdControllerView", "WindowsFormsCmdController\CmdControllerView.csproj", "{09A174C4-1210-4A3A-96BE-35D0C9666A61}"
EndProject
Project("{FAE04EC0-301F-11D3-BF4B-00C04F79EFBC}") = "TestForWebService", "ConsoleApplication2\TestForWebService.csproj", "{16EDD811-C08A-472F-B39E-1FC25A002CCB}"
EndProject
Global
	GlobalSection(SolutionConfigurationPlatforms) = preSolution
		Debug|Any CPU = Debug|Any CPU
		Release|Any CPU = Release|Any CPU
	EndGlobalSection
	GlobalSection(ProjectConfigurationPlatforms) = postSolution
		{F2D757D0-D23B-410A-9871-7401FB74AE51}.Debug|Any CPU.ActiveCfg = Debug|Any CPU
		{F2D757D0-D23B-410A-9871-7401FB74AE51}.Debug|Any CPU.Build.0 = Debug|Any CPU
		{F2D757D0-D23B-410A-9871-7401FB74AE51}.Release|Any CPU.ActiveCfg = Release|Any CPU
		{F2D757D0-D23B-410A-9871-7401FB74AE51}.Release|Any CPU.Build.0 = Release|Any CPU
		{09A174C4-1210-4A3A-96BE-35D0C9666A61}.Debug|Any CPU.ActiveCfg = Debug|Any CPU
		{09A174C4-1210-4A3A-96BE-35D0C9666A61}.Debug|Any CPU.Build.0 = Debug|Any CPU
		{09A174C4-1210-4A3A-96BE-35D0C9666A61}.Release|Any CPU.ActiveCfg = Release|Any CPU
		{09A174C4-1210-4A3A-96BE-35D0C9666A61}.Release|Any CPU.Build.0 = Release|Any CPU
		{16EDD811-C08A-472F-B39E-1FC25A002CCB}.Debug|Any CPU.ActiveCfg = Debug|Any CPU
		{16EDD811-C08A-472F-B39E-1FC25A002CCB}.Debug|Any CPU.Build.0 = Debug|Any CPU
		{16EDD811-C08A-472F-B39E-1FC25A002CCB}.Release|Any CPU.ActiveCfg = Release|Any CPU
		{16EDD811-C08A-472F-B39E-1FC25A002CCB}.Release|Any CPU.Build.0 = Release|Any CPU
	EndGlobalSection
	GlobalSection(SolutionProperties) = preSolution
		HideSolutionNode = FALSE
	EndGlobalSection
EndGlobal
