
Microsoft Visual Studio Solution File, Format Version 12.00
# Visual Studio 14
VisualStudioVersion = 14.0.25420.1
MinimumVisualStudioVersion = 10.0.40219.1
Project("{FAE04EC0-301F-11D3-BF4B-00C04F79EFBC}") = "Hello_World", "DNP1_solutions\Hello_World.csproj", "{D57BBC63-F36B-48D2-A4DB-CCA56EA66D10}"
EndProject
Project("{FAE04EC0-301F-11D3-BF4B-00C04F79EFBC}") = "Test_Hello_World", "Test\Test_Hello_World.csproj", "{EAF33F83-CF79-4C3D-BD54-EB75B902C50C}"
EndProject
Project("{FAE04EC0-301F-11D3-BF4B-00C04F79EFBC}") = "Exercise1", "Exercise1\Exercise1.csproj", "{41BAF82B-5DD3-4990-A4CB-FFC5732311E6}"
EndProject
Project("{FAE04EC0-301F-11D3-BF4B-00C04F79EFBC}") = "Exercise1_library", "Exercise1_library\Exercise1_library.csproj", "{4A6F6214-BA97-43A3-97D2-76F7E6CFACE2}"
EndProject
Project("{FAE04EC0-301F-11D3-BF4B-00C04F79EFBC}") = "MathLib", "MathLib\MathLib.csproj", "{5234F898-DB6C-4719-933E-B7F0F0655935}"
EndProject
Project("{FAE04EC0-301F-11D3-BF4B-00C04F79EFBC}") = "TestMathLib", "TestMathLib\TestMathLib.csproj", "{64DD1969-343F-471E-959D-5B49DCCDB1E4}"
EndProject
Project("{FAE04EC0-301F-11D3-BF4B-00C04F79EFBC}") = "Polymorphism", "Polymorphism\Polymorphism.csproj", "{5FBD4137-8BFF-4697-8631-5B30F33FAA62}"
EndProject
Project("{FAE04EC0-301F-11D3-BF4B-00C04F79EFBC}") = "TestPolymorphism", "TestPolymorphism\TestPolymorphism.csproj", "{DFDC92E4-EB9E-4B8D-8CAD-70473D6F12E6}"
EndProject
Project("{FAE04EC0-301F-11D3-BF4B-00C04F79EFBC}") = "PolymorphismStudent", "PolymorphismStudent\PolymorphismStudent.csproj", "{F5DEF9E8-A8C0-4FC8-A462-00301CCC12ED}"
EndProject
Project("{FAE04EC0-301F-11D3-BF4B-00C04F79EFBC}") = "ConsoleApplication2", "ConsoleApplication2\ConsoleApplication2.csproj", "{128739E0-1C0E-4D2E-8975-B94B23305720}"
EndProject
Global
	GlobalSection(SolutionConfigurationPlatforms) = preSolution
		Debug|Any CPU = Debug|Any CPU
		Release|Any CPU = Release|Any CPU
	EndGlobalSection
	GlobalSection(ProjectConfigurationPlatforms) = postSolution
		{D57BBC63-F36B-48D2-A4DB-CCA56EA66D10}.Debug|Any CPU.ActiveCfg = Debug|Any CPU
		{D57BBC63-F36B-48D2-A4DB-CCA56EA66D10}.Debug|Any CPU.Build.0 = Debug|Any CPU
		{D57BBC63-F36B-48D2-A4DB-CCA56EA66D10}.Release|Any CPU.ActiveCfg = Release|Any CPU
		{D57BBC63-F36B-48D2-A4DB-CCA56EA66D10}.Release|Any CPU.Build.0 = Release|Any CPU
		{EAF33F83-CF79-4C3D-BD54-EB75B902C50C}.Debug|Any CPU.ActiveCfg = Debug|Any CPU
		{EAF33F83-CF79-4C3D-BD54-EB75B902C50C}.Debug|Any CPU.Build.0 = Debug|Any CPU
		{EAF33F83-CF79-4C3D-BD54-EB75B902C50C}.Release|Any CPU.ActiveCfg = Release|Any CPU
		{EAF33F83-CF79-4C3D-BD54-EB75B902C50C}.Release|Any CPU.Build.0 = Release|Any CPU
		{41BAF82B-5DD3-4990-A4CB-FFC5732311E6}.Debug|Any CPU.ActiveCfg = Debug|Any CPU
		{41BAF82B-5DD3-4990-A4CB-FFC5732311E6}.Debug|Any CPU.Build.0 = Debug|Any CPU
		{41BAF82B-5DD3-4990-A4CB-FFC5732311E6}.Release|Any CPU.ActiveCfg = Release|Any CPU
		{41BAF82B-5DD3-4990-A4CB-FFC5732311E6}.Release|Any CPU.Build.0 = Release|Any CPU
		{4A6F6214-BA97-43A3-97D2-76F7E6CFACE2}.Debug|Any CPU.ActiveCfg = Debug|Any CPU
		{4A6F6214-BA97-43A3-97D2-76F7E6CFACE2}.Debug|Any CPU.Build.0 = Debug|Any CPU
		{4A6F6214-BA97-43A3-97D2-76F7E6CFACE2}.Release|Any CPU.ActiveCfg = Release|Any CPU
		{4A6F6214-BA97-43A3-97D2-76F7E6CFACE2}.Release|Any CPU.Build.0 = Release|Any CPU
		{5234F898-DB6C-4719-933E-B7F0F0655935}.Debug|Any CPU.ActiveCfg = Debug|Any CPU
		{5234F898-DB6C-4719-933E-B7F0F0655935}.Debug|Any CPU.Build.0 = Debug|Any CPU
		{5234F898-DB6C-4719-933E-B7F0F0655935}.Release|Any CPU.ActiveCfg = Release|Any CPU
		{5234F898-DB6C-4719-933E-B7F0F0655935}.Release|Any CPU.Build.0 = Release|Any CPU
		{64DD1969-343F-471E-959D-5B49DCCDB1E4}.Debug|Any CPU.ActiveCfg = Debug|Any CPU
		{64DD1969-343F-471E-959D-5B49DCCDB1E4}.Debug|Any CPU.Build.0 = Debug|Any CPU
		{64DD1969-343F-471E-959D-5B49DCCDB1E4}.Release|Any CPU.ActiveCfg = Release|Any CPU
		{64DD1969-343F-471E-959D-5B49DCCDB1E4}.Release|Any CPU.Build.0 = Release|Any CPU
		{5FBD4137-8BFF-4697-8631-5B30F33FAA62}.Debug|Any CPU.ActiveCfg = Debug|Any CPU
		{5FBD4137-8BFF-4697-8631-5B30F33FAA62}.Debug|Any CPU.Build.0 = Debug|Any CPU
		{5FBD4137-8BFF-4697-8631-5B30F33FAA62}.Release|Any CPU.ActiveCfg = Release|Any CPU
		{5FBD4137-8BFF-4697-8631-5B30F33FAA62}.Release|Any CPU.Build.0 = Release|Any CPU
		{DFDC92E4-EB9E-4B8D-8CAD-70473D6F12E6}.Debug|Any CPU.ActiveCfg = Debug|Any CPU
		{DFDC92E4-EB9E-4B8D-8CAD-70473D6F12E6}.Debug|Any CPU.Build.0 = Debug|Any CPU
		{DFDC92E4-EB9E-4B8D-8CAD-70473D6F12E6}.Release|Any CPU.ActiveCfg = Release|Any CPU
		{DFDC92E4-EB9E-4B8D-8CAD-70473D6F12E6}.Release|Any CPU.Build.0 = Release|Any CPU
		{F5DEF9E8-A8C0-4FC8-A462-00301CCC12ED}.Debug|Any CPU.ActiveCfg = Debug|Any CPU
		{F5DEF9E8-A8C0-4FC8-A462-00301CCC12ED}.Debug|Any CPU.Build.0 = Debug|Any CPU
		{F5DEF9E8-A8C0-4FC8-A462-00301CCC12ED}.Release|Any CPU.ActiveCfg = Release|Any CPU
		{F5DEF9E8-A8C0-4FC8-A462-00301CCC12ED}.Release|Any CPU.Build.0 = Release|Any CPU
		{128739E0-1C0E-4D2E-8975-B94B23305720}.Debug|Any CPU.ActiveCfg = Debug|Any CPU
		{128739E0-1C0E-4D2E-8975-B94B23305720}.Debug|Any CPU.Build.0 = Debug|Any CPU
		{128739E0-1C0E-4D2E-8975-B94B23305720}.Release|Any CPU.ActiveCfg = Release|Any CPU
		{128739E0-1C0E-4D2E-8975-B94B23305720}.Release|Any CPU.Build.0 = Release|Any CPU
	EndGlobalSection
	GlobalSection(SolutionProperties) = preSolution
		HideSolutionNode = FALSE
	EndGlobalSection
EndGlobal
